
Microsoft Visual Studio Solution File, Format Version 12.00
# Visual Studio Version 16
VisualStudioVersion = 16.0.30114.105
MinimumVisualStudioVersion = 10.0.40219.1
Project("{9A19103F-16F7-4668-BE54-9A1E7A4F7556}") = "EvolentHealthAPI", "EvolentHealthAPI\EvolentHealthAPI.csproj", "{C2A45993-84EF-4C75-8A47-F7AA357F696A}"
EndProject
Project("{FAE04EC0-301F-11D3-BF4B-00C04F79EFBC}") = "EvolentHealthAPITest.Tests", "EvolentHealthAPITest.Tests\EvolentHealthAPITest.Tests.csproj", "{FE65C997-A75E-4B60-9DB6-BD2292CF4BA7}"
EndProject
Global
	GlobalSection(SolutionConfigurationPlatforms) = preSolution
		Debug|Any CPU = Debug|Any CPU
		Release|Any CPU = Release|Any CPU
	EndGlobalSection
	GlobalSection(ProjectConfigurationPlatforms) = postSolution
		{C2A45993-84EF-4C75-8A47-F7AA357F696A}.Debug|Any CPU.ActiveCfg = Debug|Any CPU
		{C2A45993-84EF-4C75-8A47-F7AA357F696A}.Debug|Any CPU.Build.0 = Debug|Any CPU
		{C2A45993-84EF-4C75-8A47-F7AA357F696A}.Release|Any CPU.ActiveCfg = Release|Any CPU
		{C2A45993-84EF-4C75-8A47-F7AA357F696A}.Release|Any CPU.Build.0 = Release|Any CPU
		{FE65C997-A75E-4B60-9DB6-BD2292CF4BA7}.Debug|Any CPU.ActiveCfg = Debug|Any CPU
		{FE65C997-A75E-4B60-9DB6-BD2292CF4BA7}.Debug|Any CPU.Build.0 = Debug|Any CPU
		{FE65C997-A75E-4B60-9DB6-BD2292CF4BA7}.Release|Any CPU.ActiveCfg = Release|Any CPU
		{FE65C997-A75E-4B60-9DB6-BD2292CF4BA7}.Release|Any CPU.Build.0 = Release|Any CPU
	EndGlobalSection
	GlobalSection(SolutionProperties) = preSolution
		HideSolutionNode = FALSE
	EndGlobalSection
	GlobalSection(ExtensibilityGlobals) = postSolution
		SolutionGuid = {B5C21A20-F514-4BE9-8D80-8DE7AD7ED0FF}
	EndGlobalSection
EndGlobal
